
Microsoft Visual Studio Solution File, Format Version 12.00
# Visual Studio Version 16
VisualStudioVersion = 16.0.30413.136
MinimumVisualStudioVersion = 10.0.40219.1
Project("{FAE04EC0-301F-11D3-BF4B-00C04F79EFBC}") = "Capa Cliente", "Capa Cliente\Capa Cliente.csproj", "{85790974-FC25-4658-98B9-ECDD34C49A2A}"
EndProject
Project("{FAE04EC0-301F-11D3-BF4B-00C04F79EFBC}") = "Capa_Datos", "Capa_Datos\Capa_Datos.csproj", "{AFC8EF7D-4FA5-4300-9859-414CE6FCF4F3}"
EndProject
Project("{FAE04EC0-301F-11D3-BF4B-00C04F79EFBC}") = "Capa_Negocio", "Capa_Negocio\Capa_Negocio.csproj", "{4B2E061C-B621-43DE-BABC-D81E69674933}"
EndProject
Global
	GlobalSection(SolutionConfigurationPlatforms) = preSolution
		Debug|Any CPU = Debug|Any CPU
		Release|Any CPU = Release|Any CPU
	EndGlobalSection
	GlobalSection(ProjectConfigurationPlatforms) = postSolution
		{85790974-FC25-4658-98B9-ECDD34C49A2A}.Debug|Any CPU.ActiveCfg = Debug|Any CPU
		{85790974-FC25-4658-98B9-ECDD34C49A2A}.Debug|Any CPU.Build.0 = Debug|Any CPU
		{85790974-FC25-4658-98B9-ECDD34C49A2A}.Release|Any CPU.ActiveCfg = Release|Any CPU
		{85790974-FC25-4658-98B9-ECDD34C49A2A}.Release|Any CPU.Build.0 = Release|Any CPU
		{AFC8EF7D-4FA5-4300-9859-414CE6FCF4F3}.Debug|Any CPU.ActiveCfg = Debug|Any CPU
		{AFC8EF7D-4FA5-4300-9859-414CE6FCF4F3}.Debug|Any CPU.Build.0 = Debug|Any CPU
		{AFC8EF7D-4FA5-4300-9859-414CE6FCF4F3}.Release|Any CPU.ActiveCfg = Release|Any CPU
		{AFC8EF7D-4FA5-4300-9859-414CE6FCF4F3}.Release|Any CPU.Build.0 = Release|Any CPU
		{4B2E061C-B621-43DE-BABC-D81E69674933}.Debug|Any CPU.ActiveCfg = Debug|Any CPU
		{4B2E061C-B621-43DE-BABC-D81E69674933}.Debug|Any CPU.Build.0 = Debug|Any CPU
		{4B2E061C-B621-43DE-BABC-D81E69674933}.Release|Any CPU.ActiveCfg = Release|Any CPU
		{4B2E061C-B621-43DE-BABC-D81E69674933}.Release|Any CPU.Build.0 = Release|Any CPU
	EndGlobalSection
	GlobalSection(SolutionProperties) = preSolution
		HideSolutionNode = FALSE
	EndGlobalSection
	GlobalSection(ExtensibilityGlobals) = postSolution
		SolutionGuid = {B9218086-08B8-4EF5-90E1-0330D1CC9490}
	EndGlobalSection
EndGlobal
